
Microsoft Visual Studio Solution File, Format Version 12.00
# Visual Studio 2013
VisualStudioVersion = 12.0.31101.0
MinimumVisualStudioVersion = 10.0.40219.1
Project("{F2A71F9B-5D33-465A-A702-920D77279786}") = "SpeedTest", "SpeedTest\SpeedTest.fsproj", "{37EC761F-B9C5-4B5F-B18D-0FD910C9FA81}"
EndProject
Project("{F2A71F9B-5D33-465A-A702-920D77279786}") = "SpeedTest.Tests", "SpeedTest.Tests\SpeedTest.Tests.fsproj", "{CA79642A-67FC-40BB-843E-04528D2EC775}"
EndProject
Global
	GlobalSection(SolutionConfigurationPlatforms) = preSolution
		Debug|Any CPU = Debug|Any CPU
		Release|Any CPU = Release|Any CPU
	EndGlobalSection
	GlobalSection(ProjectConfigurationPlatforms) = postSolution
		{37EC761F-B9C5-4B5F-B18D-0FD910C9FA81}.Debug|Any CPU.ActiveCfg = Debug|Any CPU
		{37EC761F-B9C5-4B5F-B18D-0FD910C9FA81}.Debug|Any CPU.Build.0 = Debug|Any CPU
		{37EC761F-B9C5-4B5F-B18D-0FD910C9FA81}.Release|Any CPU.ActiveCfg = Release|Any CPU
		{37EC761F-B9C5-4B5F-B18D-0FD910C9FA81}.Release|Any CPU.Build.0 = Release|Any CPU
		{CA79642A-67FC-40BB-843E-04528D2EC775}.Debug|Any CPU.ActiveCfg = Debug|Any CPU
		{CA79642A-67FC-40BB-843E-04528D2EC775}.Debug|Any CPU.Build.0 = Debug|Any CPU
		{CA79642A-67FC-40BB-843E-04528D2EC775}.Release|Any CPU.ActiveCfg = Release|Any CPU
		{CA79642A-67FC-40BB-843E-04528D2EC775}.Release|Any CPU.Build.0 = Release|Any CPU
	EndGlobalSection
	GlobalSection(SolutionProperties) = preSolution
		HideSolutionNode = FALSE
	EndGlobalSection
EndGlobal
